
Microsoft Visual Studio Solution File, Format Version 12.00
# Visual Studio Version 17
VisualStudioVersion = 17.2.32317.152
MinimumVisualStudioVersion = 10.0.40219.1
Project("{8BC9CEB8-8B4A-11D0-8D11-00A0C91BC942}") = "PoolManager", "PoolManager\PoolManager.vcxproj", "{8D82F34A-1D64-465B-84B1-37F89AD3D20B}"
EndProject
Global
	GlobalSection(SolutionConfigurationPlatforms) = preSolution
		Release|x64 = Release|x64
	EndGlobalSection
	GlobalSection(ProjectConfigurationPlatforms) = postSolution
		{8D82F34A-1D64-465B-84B1-37F89AD3D20B}.Release|x64.ActiveCfg = Release|x64
		{8D82F34A-1D64-465B-84B1-37F89AD3D20B}.Release|x64.Build.0 = Release|x64
	EndGlobalSection
	GlobalSection(SolutionProperties) = preSolution
		HideSolutionNode = FALSE
	EndGlobalSection
	GlobalSection(ExtensibilityGlobals) = postSolution
		SolutionGuid = {C5D2EADD-9F61-4EB3-A652-79B0BA899B12}
	EndGlobalSection
EndGlobal
